
Microsoft Visual Studio Solution File, Format Version 12.00
# Visual Studio Version 16
VisualStudioVersion = 16.0.31112.23
MinimumVisualStudioVersion = 10.0.40219.1
Project("{FAE04EC0-301F-11D3-BF4B-00C04F79EFBC}") = "Lessons", "ConsoleApp1\Lessons.csproj", "{22A66319-7AD5-4C41-8605-0DEF861E8707}"
EndProject
Project("{FAE04EC0-301F-11D3-BF4B-00C04F79EFBC}") = "MyProject", "MyProject\MyProject.csproj", "{6C5A193C-67FB-48D9-B6D5-7E93E83D394D}"
EndProject
Project("{FAE04EC0-301F-11D3-BF4B-00C04F79EFBC}") = "Example", "Example\Example.csproj", "{FBF087E1-C242-445E-93CF-FD335822D065}"
EndProject
Project("{FAE04EC0-301F-11D3-BF4B-00C04F79EFBC}") = "Example_2", "Example_2\Example_2.csproj", "{D1564531-FD83-4A0F-AE3D-DD72D9C7B4EF}"
EndProject
Project("{FAE04EC0-301F-11D3-BF4B-00C04F79EFBC}") = "Example_3", "Example_3\Example_3.csproj", "{45D5C8DD-7923-418B-98F8-2DC23CF3E780}"
EndProject
Project("{FAE04EC0-301F-11D3-BF4B-00C04F79EFBC}") = "Lesson_11", "Lesson_11\Lesson_11.csproj", "{23427AFB-8B86-4412-86C9-A76EEA43B809}"
EndProject
Project("{FAE04EC0-301F-11D3-BF4B-00C04F79EFBC}") = "Lesson_12", "Lesson_12\Lesson_12.csproj", "{AD31B2F3-DAA8-4E10-8064-DD1522A09D38}"
EndProject
Project("{FAE04EC0-301F-11D3-BF4B-00C04F79EFBC}") = "Example_0", "Example_0\Example_0.csproj", "{F3001108-AD3E-4C85-BA22-5944B8C35BD6}"
EndProject
Project("{FAE04EC0-301F-11D3-BF4B-00C04F79EFBC}") = "Lesson_13", "Lesson_13\Lesson_13.csproj", "{A4809B9F-2A65-40A2-900A-7914D880117D}"
EndProject
Project("{FAE04EC0-301F-11D3-BF4B-00C04F79EFBC}") = "Example_4", "Example_4\Example_4.csproj", "{B8FAEEE7-DC44-4104-925E-D6579436799B}"
EndProject
Project("{FAE04EC0-301F-11D3-BF4B-00C04F79EFBC}") = "Lesson_14", "Lesson_14\Lesson_14.csproj", "{444CF021-FB7A-4B38-BD4D-0C546F02A02F}"
EndProject
Project("{FAE04EC0-301F-11D3-BF4B-00C04F79EFBC}") = "Example_14", "Example_14\Example_14.csproj", "{C54259E0-24CE-49AF-9EDA-4E2D697B0D51}"
EndProject
Project("{FAE04EC0-301F-11D3-BF4B-00C04F79EFBC}") = "Lesson_15", "Lesson_15\Lesson_15.csproj", "{BB8E4A9B-E9D7-4124-9C68-204E510315A7}"
EndProject
Project("{FAE04EC0-301F-11D3-BF4B-00C04F79EFBC}") = "Example_Switch", "Example_Switch\Example_Switch.csproj", "{1B219617-B2EB-4267-AD33-D922045E1351}"
EndProject
Project("{FAE04EC0-301F-11D3-BF4B-00C04F79EFBC}") = "Examle_Switch_1", "Examle_Switch_1\Examle_Switch_1.csproj", "{B2EA979A-929E-41E4-ACB9-AB92C73E5949}"
EndProject
Project("{FAE04EC0-301F-11D3-BF4B-00C04F79EFBC}") = "Calc", "Calc\Calc.csproj", "{EF2B4CCF-1E2F-4339-B4D4-C113EF61253A}"
EndProject
Project("{FAE04EC0-301F-11D3-BF4B-00C04F79EFBC}") = "Calc_2", "Calc_2\Calc_2.csproj", "{FBE54D0F-1900-4D0D-9B68-6E7653DC9D0A}"
EndProject
Project("{FAE04EC0-301F-11D3-BF4B-00C04F79EFBC}") = "Lesson_16", "Lesson_16\Lesson_16.csproj", "{08A6F89E-6305-410C-AD96-E7970BE69D71}"
EndProject
Project("{FAE04EC0-301F-11D3-BF4B-00C04F79EFBC}") = "Example_count", "Example_count\Example_count.csproj", "{80EDBA64-EC7D-4094-AB92-8C677A8CFDE7}"
EndProject
Project("{FAE04EC0-301F-11D3-BF4B-00C04F79EFBC}") = "Lesson_18", "Lesson_18\Lesson_18.csproj", "{397B98A8-E986-48CE-BD74-9F65EAF7D2A9}"
EndProject
Project("{FAE04EC0-301F-11D3-BF4B-00C04F79EFBC}") = "Lesson_19", "Lesson_19\Lesson_19.csproj", "{D3AFD221-4A97-4C2A-9495-BFE61D2B3140}"
EndProject
Project("{FAE04EC0-301F-11D3-BF4B-00C04F79EFBC}") = "Lesson_20", "Lesson_20\Lesson_20.csproj", "{9B1821F4-4BEF-493D-9482-B035C148CC5F}"
EndProject
Project("{FAE04EC0-301F-11D3-BF4B-00C04F79EFBC}") = "Lesson_21", "Lesson_21\Lesson_21.csproj", "{566B298F-27B8-482F-BAAA-6F7D6A961497}"
EndProject
Project("{FAE04EC0-301F-11D3-BF4B-00C04F79EFBC}") = "Lesson_22", "Lesson_22\Lesson_22.csproj", "{0BABCD76-E50C-4A38-9E8C-A1AD68C2E051}"
EndProject
Project("{FAE04EC0-301F-11D3-BF4B-00C04F79EFBC}") = "Example_22", "Example_22\Example_22.csproj", "{7DD012D6-8AE5-41FF-8092-575C1A6BB26B}"
EndProject
Project("{FAE04EC0-301F-11D3-BF4B-00C04F79EFBC}") = "Lesson_23", "Lesson_23\Lesson_23.csproj", "{4D52D22B-C45C-4674-B2BC-801848978E7A}"
EndProject
Project("{FAE04EC0-301F-11D3-BF4B-00C04F79EFBC}") = "Lesson_24", "Lesson_24\Lesson_24.csproj", "{FF559AE9-70BE-46E0-A59B-06B6FC9EF2F7}"
EndProject
Project("{FAE04EC0-301F-11D3-BF4B-00C04F79EFBC}") = "Lesson_25", "Lesson_25\Lesson_25.csproj", "{0E673F81-C94E-440D-A61E-CCF3DD335528}"
EndProject
Project("{FAE04EC0-301F-11D3-BF4B-00C04F79EFBC}") = "Lesson_26", "Lesson_26\Lesson_26.csproj", "{F6A9166C-8875-47FF-84D9-9E3FCEFD16D3}"
EndProject
Project("{FAE04EC0-301F-11D3-BF4B-00C04F79EFBC}") = "HomeWork_6", "HomeWork_6\HomeWork_6.csproj", "{35BE8A9F-142F-4770-A3FF-47D5FFE27F1A}"
EndProject
Project("{FAE04EC0-301F-11D3-BF4B-00C04F79EFBC}") = "Home_Work_7", "Home_Work_7\Home_Work_7.csproj", "{4149DFAA-AA05-4AF4-BB1D-0B578FA772F9}"
EndProject
Project("{FAE04EC0-301F-11D3-BF4B-00C04F79EFBC}") = "Home_Work_8", "Home_Work_8\Home_Work_8.csproj", "{6C638916-1FF1-462B-811E-82692B514A75}"
EndProject
Project("{FAE04EC0-301F-11D3-BF4B-00C04F79EFBC}") = "Home_Work_9", "Home_Work_9\Home_Work_9.csproj", "{FC35FB95-244E-4FD7-8BA5-ED15303D8AEF}"
EndProject
Project("{FAE04EC0-301F-11D3-BF4B-00C04F79EFBC}") = "Lesson_27", "Lesson_27\Lesson_27.csproj", "{2A196A0A-D402-464F-A487-E26E7A1FF4C0}"
EndProject
Project("{FAE04EC0-301F-11D3-BF4B-00C04F79EFBC}") = "Lesson_28_1", "Lesson_28_1\Lesson_28_1.csproj", "{D237ED46-A526-4500-8227-394DB22D2617}"
EndProject
Project("{FAE04EC0-301F-11D3-BF4B-00C04F79EFBC}") = "Lesson_29", "Lesson_29\Lesson_29.csproj", "{83302E6C-1F47-4D1A-8C44-9AD8A27C78B1}"
EndProject
Project("{FAE04EC0-301F-11D3-BF4B-00C04F79EFBC}") = "Lesson_30", "Lesson_30\Lesson_30.csproj", "{CC0450E0-FCB1-48FA-91DD-5AA87D896702}"
EndProject
Project("{FAE04EC0-301F-11D3-BF4B-00C04F79EFBC}") = "Lesson_31", "Lesson_31\Lesson_31.csproj", "{95A71D11-64F7-48F4-94F1-42AD78018DC5}"
EndProject
Project("{FAE04EC0-301F-11D3-BF4B-00C04F79EFBC}") = "Lesson_32", "Lesson_32\Lesson_32.csproj", "{B96BC89F-124C-47E8-949E-D9617F2C29EC}"
EndProject
Project("{FAE04EC0-301F-11D3-BF4B-00C04F79EFBC}") = "Lesson_31_2", "Lesson_31_2\Lesson_31_2.csproj", "{1B59968F-8753-4681-8FEC-3BEBE37125B7}"
EndProject
Project("{FAE04EC0-301F-11D3-BF4B-00C04F79EFBC}") = "Lesson_32_3", "Lesson_32_3\Lesson_32_3.csproj", "{0C7515DD-19EF-4EDD-B6DC-AB1AC23F82E9}"
EndProject
Project("{FAE04EC0-301F-11D3-BF4B-00C04F79EFBC}") = "Lesson_33", "Lesson_33\Lesson_33.csproj", "{DBB56697-8A75-400A-A1F9-247B34379E31}"
EndProject
Project("{FAE04EC0-301F-11D3-BF4B-00C04F79EFBC}") = "Lesson_34", "Lesson_34\Lesson_34.csproj", "{61CA6C80-21C7-4AB0-81D5-16F5CFCA71FE}"
EndProject
Project("{FAE04EC0-301F-11D3-BF4B-00C04F79EFBC}") = "Lesson_35", "Lesson_35\Lesson_35.csproj", "{1C568F7F-7496-428B-ADE8-864B6D99164B}"
EndProject
Project("{FAE04EC0-301F-11D3-BF4B-00C04F79EFBC}") = "Home_Work_10", "Home_Work_10\Home_Work_10.csproj", "{B73D6072-B4DE-4A28-AEC9-D9A7DBE20BCC}"
EndProject
Project("{FAE04EC0-301F-11D3-BF4B-00C04F79EFBC}") = "Home_Work_10_1", "Home_Work_10_1\Home_Work_10_1.csproj", "{B255DE3E-E22C-42CC-9DA4-6FB419128568}"
EndProject
Global
	GlobalSection(SolutionConfigurationPlatforms) = preSolution
		Debug|Any CPU = Debug|Any CPU
		Release|Any CPU = Release|Any CPU
	EndGlobalSection
	GlobalSection(ProjectConfigurationPlatforms) = postSolution
		{22A66319-7AD5-4C41-8605-0DEF861E8707}.Debug|Any CPU.ActiveCfg = Debug|Any CPU
		{22A66319-7AD5-4C41-8605-0DEF861E8707}.Debug|Any CPU.Build.0 = Debug|Any CPU
		{22A66319-7AD5-4C41-8605-0DEF861E8707}.Release|Any CPU.ActiveCfg = Release|Any CPU
		{22A66319-7AD5-4C41-8605-0DEF861E8707}.Release|Any CPU.Build.0 = Release|Any CPU
		{6C5A193C-67FB-48D9-B6D5-7E93E83D394D}.Debug|Any CPU.ActiveCfg = Debug|Any CPU
		{6C5A193C-67FB-48D9-B6D5-7E93E83D394D}.Debug|Any CPU.Build.0 = Debug|Any CPU
		{6C5A193C-67FB-48D9-B6D5-7E93E83D394D}.Release|Any CPU.ActiveCfg = Release|Any CPU
		{6C5A193C-67FB-48D9-B6D5-7E93E83D394D}.Release|Any CPU.Build.0 = Release|Any CPU
		{FBF087E1-C242-445E-93CF-FD335822D065}.Debug|Any CPU.ActiveCfg = Debug|Any CPU
		{FBF087E1-C242-445E-93CF-FD335822D065}.Debug|Any CPU.Build.0 = Debug|Any CPU
		{FBF087E1-C242-445E-93CF-FD335822D065}.Release|Any CPU.ActiveCfg = Release|Any CPU
		{FBF087E1-C242-445E-93CF-FD335822D065}.Release|Any CPU.Build.0 = Release|Any CPU
		{D1564531-FD83-4A0F-AE3D-DD72D9C7B4EF}.Debug|Any CPU.ActiveCfg = Debug|Any CPU
		{D1564531-FD83-4A0F-AE3D-DD72D9C7B4EF}.Debug|Any CPU.Build.0 = Debug|Any CPU
		{D1564531-FD83-4A0F-AE3D-DD72D9C7B4EF}.Release|Any CPU.ActiveCfg = Release|Any CPU
		{D1564531-FD83-4A0F-AE3D-DD72D9C7B4EF}.Release|Any CPU.Build.0 = Release|Any CPU
		{45D5C8DD-7923-418B-98F8-2DC23CF3E780}.Debug|Any CPU.ActiveCfg = Debug|Any CPU
		{45D5C8DD-7923-418B-98F8-2DC23CF3E780}.Debug|Any CPU.Build.0 = Debug|Any CPU
		{45D5C8DD-7923-418B-98F8-2DC23CF3E780}.Release|Any CPU.ActiveCfg = Release|Any CPU
		{45D5C8DD-7923-418B-98F8-2DC23CF3E780}.Release|Any CPU.Build.0 = Release|Any CPU
		{23427AFB-8B86-4412-86C9-A76EEA43B809}.Debug|Any CPU.ActiveCfg = Debug|Any CPU
		{23427AFB-8B86-4412-86C9-A76EEA43B809}.Debug|Any CPU.Build.0 = Debug|Any CPU
		{23427AFB-8B86-4412-86C9-A76EEA43B809}.Release|Any CPU.ActiveCfg = Release|Any CPU
		{23427AFB-8B86-4412-86C9-A76EEA43B809}.Release|Any CPU.Build.0 = Release|Any CPU
		{AD31B2F3-DAA8-4E10-8064-DD1522A09D38}.Debug|Any CPU.ActiveCfg = Debug|Any CPU
		{AD31B2F3-DAA8-4E10-8064-DD1522A09D38}.Debug|Any CPU.Build.0 = Debug|Any CPU
		{AD31B2F3-DAA8-4E10-8064-DD1522A09D38}.Release|Any CPU.ActiveCfg = Release|Any CPU
		{AD31B2F3-DAA8-4E10-8064-DD1522A09D38}.Release|Any CPU.Build.0 = Release|Any CPU
		{F3001108-AD3E-4C85-BA22-5944B8C35BD6}.Debug|Any CPU.ActiveCfg = Debug|Any CPU
		{F3001108-AD3E-4C85-BA22-5944B8C35BD6}.Debug|Any CPU.Build.0 = Debug|Any CPU
		{F3001108-AD3E-4C85-BA22-5944B8C35BD6}.Release|Any CPU.ActiveCfg = Release|Any CPU
		{F3001108-AD3E-4C85-BA22-5944B8C35BD6}.Release|Any CPU.Build.0 = Release|Any CPU
		{A4809B9F-2A65-40A2-900A-7914D880117D}.Debug|Any CPU.ActiveCfg = Debug|Any CPU
		{A4809B9F-2A65-40A2-900A-7914D880117D}.Debug|Any CPU.Build.0 = Debug|Any CPU
		{A4809B9F-2A65-40A2-900A-7914D880117D}.Release|Any CPU.ActiveCfg = Release|Any CPU
		{A4809B9F-2A65-40A2-900A-7914D880117D}.Release|Any CPU.Build.0 = Release|Any CPU
		{B8FAEEE7-DC44-4104-925E-D6579436799B}.Debug|Any CPU.ActiveCfg = Debug|Any CPU
		{B8FAEEE7-DC44-4104-925E-D6579436799B}.Debug|Any CPU.Build.0 = Debug|Any CPU
		{B8FAEEE7-DC44-4104-925E-D6579436799B}.Release|Any CPU.ActiveCfg = Release|Any CPU
		{B8FAEEE7-DC44-4104-925E-D6579436799B}.Release|Any CPU.Build.0 = Release|Any CPU
		{444CF021-FB7A-4B38-BD4D-0C546F02A02F}.Debug|Any CPU.ActiveCfg = Debug|Any CPU
		{444CF021-FB7A-4B38-BD4D-0C546F02A02F}.Debug|Any CPU.Build.0 = Debug|Any CPU
		{444CF021-FB7A-4B38-BD4D-0C546F02A02F}.Release|Any CPU.ActiveCfg = Release|Any CPU
		{444CF021-FB7A-4B38-BD4D-0C546F02A02F}.Release|Any CPU.Build.0 = Release|Any CPU
		{C54259E0-24CE-49AF-9EDA-4E2D697B0D51}.Debug|Any CPU.ActiveCfg = Debug|Any CPU
		{C54259E0-24CE-49AF-9EDA-4E2D697B0D51}.Debug|Any CPU.Build.0 = Debug|Any CPU
		{C54259E0-24CE-49AF-9EDA-4E2D697B0D51}.Release|Any CPU.ActiveCfg = Release|Any CPU
		{C54259E0-24CE-49AF-9EDA-4E2D697B0D51}.Release|Any CPU.Build.0 = Release|Any CPU
		{BB8E4A9B-E9D7-4124-9C68-204E510315A7}.Debug|Any CPU.ActiveCfg = Debug|Any CPU
		{BB8E4A9B-E9D7-4124-9C68-204E510315A7}.Debug|Any CPU.Build.0 = Debug|Any CPU
		{BB8E4A9B-E9D7-4124-9C68-204E510315A7}.Release|Any CPU.ActiveCfg = Release|Any CPU
		{BB8E4A9B-E9D7-4124-9C68-204E510315A7}.Release|Any CPU.Build.0 = Release|Any CPU
		{1B219617-B2EB-4267-AD33-D922045E1351}.Debug|Any CPU.ActiveCfg = Debug|Any CPU
		{1B219617-B2EB-4267-AD33-D922045E1351}.Debug|Any CPU.Build.0 = Debug|Any CPU
		{1B219617-B2EB-4267-AD33-D922045E1351}.Release|Any CPU.ActiveCfg = Release|Any CPU
		{1B219617-B2EB-4267-AD33-D922045E1351}.Release|Any CPU.Build.0 = Release|Any CPU
		{B2EA979A-929E-41E4-ACB9-AB92C73E5949}.Debug|Any CPU.ActiveCfg = Debug|Any CPU
		{B2EA979A-929E-41E4-ACB9-AB92C73E5949}.Debug|Any CPU.Build.0 = Debug|Any CPU
		{B2EA979A-929E-41E4-ACB9-AB92C73E5949}.Release|Any CPU.ActiveCfg = Release|Any CPU
		{B2EA979A-929E-41E4-ACB9-AB92C73E5949}.Release|Any CPU.Build.0 = Release|Any CPU
		{EF2B4CCF-1E2F-4339-B4D4-C113EF61253A}.Debug|Any CPU.ActiveCfg = Debug|Any CPU
		{EF2B4CCF-1E2F-4339-B4D4-C113EF61253A}.Debug|Any CPU.Build.0 = Debug|Any CPU
		{EF2B4CCF-1E2F-4339-B4D4-C113EF61253A}.Release|Any CPU.ActiveCfg = Release|Any CPU
		{EF2B4CCF-1E2F-4339-B4D4-C113EF61253A}.Release|Any CPU.Build.0 = Release|Any CPU
		{FBE54D0F-1900-4D0D-9B68-6E7653DC9D0A}.Debug|Any CPU.ActiveCfg = Debug|Any CPU
		{FBE54D0F-1900-4D0D-9B68-6E7653DC9D0A}.Debug|Any CPU.Build.0 = Debug|Any CPU
		{FBE54D0F-1900-4D0D-9B68-6E7653DC9D0A}.Release|Any CPU.ActiveCfg = Release|Any CPU
		{FBE54D0F-1900-4D0D-9B68-6E7653DC9D0A}.Release|Any CPU.Build.0 = Release|Any CPU
		{08A6F89E-6305-410C-AD96-E7970BE69D71}.Debug|Any CPU.ActiveCfg = Debug|Any CPU
		{08A6F89E-6305-410C-AD96-E7970BE69D71}.Debug|Any CPU.Build.0 = Debug|Any CPU
		{08A6F89E-6305-410C-AD96-E7970BE69D71}.Release|Any CPU.ActiveCfg = Release|Any CPU
		{08A6F89E-6305-410C-AD96-E7970BE69D71}.Release|Any CPU.Build.0 = Release|Any CPU
		{80EDBA64-EC7D-4094-AB92-8C677A8CFDE7}.Debug|Any CPU.ActiveCfg = Debug|Any CPU
		{80EDBA64-EC7D-4094-AB92-8C677A8CFDE7}.Debug|Any CPU.Build.0 = Debug|Any CPU
		{80EDBA64-EC7D-4094-AB92-8C677A8CFDE7}.Release|Any CPU.ActiveCfg = Release|Any CPU
		{80EDBA64-EC7D-4094-AB92-8C677A8CFDE7}.Release|Any CPU.Build.0 = Release|Any CPU
		{397B98A8-E986-48CE-BD74-9F65EAF7D2A9}.Debug|Any CPU.ActiveCfg = Debug|Any CPU
		{397B98A8-E986-48CE-BD74-9F65EAF7D2A9}.Debug|Any CPU.Build.0 = Debug|Any CPU
		{397B98A8-E986-48CE-BD74-9F65EAF7D2A9}.Release|Any CPU.ActiveCfg = Release|Any CPU
		{397B98A8-E986-48CE-BD74-9F65EAF7D2A9}.Release|Any CPU.Build.0 = Release|Any CPU
		{D3AFD221-4A97-4C2A-9495-BFE61D2B3140}.Debug|Any CPU.ActiveCfg = Debug|Any CPU
		{D3AFD221-4A97-4C2A-9495-BFE61D2B3140}.Debug|Any CPU.Build.0 = Debug|Any CPU
		{D3AFD221-4A97-4C2A-9495-BFE61D2B3140}.Release|Any CPU.ActiveCfg = Release|Any CPU
		{D3AFD221-4A97-4C2A-9495-BFE61D2B3140}.Release|Any CPU.Build.0 = Release|Any CPU
		{9B1821F4-4BEF-493D-9482-B035C148CC5F}.Debug|Any CPU.ActiveCfg = Debug|Any CPU
		{9B1821F4-4BEF-493D-9482-B035C148CC5F}.Debug|Any CPU.Build.0 = Debug|Any CPU
		{9B1821F4-4BEF-493D-9482-B035C148CC5F}.Release|Any CPU.ActiveCfg = Release|Any CPU
		{9B1821F4-4BEF-493D-9482-B035C148CC5F}.Release|Any CPU.Build.0 = Release|Any CPU
		{566B298F-27B8-482F-BAAA-6F7D6A961497}.Debug|Any CPU.ActiveCfg = Debug|Any CPU
		{566B298F-27B8-482F-BAAA-6F7D6A961497}.Debug|Any CPU.Build.0 = Debug|Any CPU
		{566B298F-27B8-482F-BAAA-6F7D6A961497}.Release|Any CPU.ActiveCfg = Release|Any CPU
		{566B298F-27B8-482F-BAAA-6F7D6A961497}.Release|Any CPU.Build.0 = Release|Any CPU
		{0BABCD76-E50C-4A38-9E8C-A1AD68C2E051}.Debug|Any CPU.ActiveCfg = Debug|Any CPU
		{0BABCD76-E50C-4A38-9E8C-A1AD68C2E051}.Debug|Any CPU.Build.0 = Debug|Any CPU
		{0BABCD76-E50C-4A38-9E8C-A1AD68C2E051}.Release|Any CPU.ActiveCfg = Release|Any CPU
		{0BABCD76-E50C-4A38-9E8C-A1AD68C2E051}.Release|Any CPU.Build.0 = Release|Any CPU
		{7DD012D6-8AE5-41FF-8092-575C1A6BB26B}.Debug|Any CPU.ActiveCfg = Debug|Any CPU
		{7DD012D6-8AE5-41FF-8092-575C1A6BB26B}.Debug|Any CPU.Build.0 = Debug|Any CPU
		{7DD012D6-8AE5-41FF-8092-575C1A6BB26B}.Release|Any CPU.ActiveCfg = Release|Any CPU
		{7DD012D6-8AE5-41FF-8092-575C1A6BB26B}.Release|Any CPU.Build.0 = Release|Any CPU
		{4D52D22B-C45C-4674-B2BC-801848978E7A}.Debug|Any CPU.ActiveCfg = Debug|Any CPU
		{4D52D22B-C45C-4674-B2BC-801848978E7A}.Debug|Any CPU.Build.0 = Debug|Any CPU
		{4D52D22B-C45C-4674-B2BC-801848978E7A}.Release|Any CPU.ActiveCfg = Release|Any CPU
		{4D52D22B-C45C-4674-B2BC-801848978E7A}.Release|Any CPU.Build.0 = Release|Any CPU
		{FF559AE9-70BE-46E0-A59B-06B6FC9EF2F7}.Debug|Any CPU.ActiveCfg = Debug|Any CPU
		{FF559AE9-70BE-46E0-A59B-06B6FC9EF2F7}.Debug|Any CPU.Build.0 = Debug|Any CPU
		{FF559AE9-70BE-46E0-A59B-06B6FC9EF2F7}.Release|Any CPU.ActiveCfg = Release|Any CPU
		{FF559AE9-70BE-46E0-A59B-06B6FC9EF2F7}.Release|Any CPU.Build.0 = Release|Any CPU
		{0E673F81-C94E-440D-A61E-CCF3DD335528}.Debug|Any CPU.ActiveCfg = Debug|Any CPU
		{0E673F81-C94E-440D-A61E-CCF3DD335528}.Debug|Any CPU.Build.0 = Debug|Any CPU
		{0E673F81-C94E-440D-A61E-CCF3DD335528}.Release|Any CPU.ActiveCfg = Release|Any CPU
		{0E673F81-C94E-440D-A61E-CCF3DD335528}.Release|Any CPU.Build.0 = Release|Any CPU
		{F6A9166C-8875-47FF-84D9-9E3FCEFD16D3}.Debug|Any CPU.ActiveCfg = Debug|Any CPU
		{F6A9166C-8875-47FF-84D9-9E3FCEFD16D3}.Debug|Any CPU.Build.0 = Debug|Any CPU
		{F6A9166C-8875-47FF-84D9-9E3FCEFD16D3}.Release|Any CPU.ActiveCfg = Release|Any CPU
		{F6A9166C-8875-47FF-84D9-9E3FCEFD16D3}.Release|Any CPU.Build.0 = Release|Any CPU
		{35BE8A9F-142F-4770-A3FF-47D5FFE27F1A}.Debug|Any CPU.ActiveCfg = Debug|Any CPU
		{35BE8A9F-142F-4770-A3FF-47D5FFE27F1A}.Debug|Any CPU.Build.0 = Debug|Any CPU
		{35BE8A9F-142F-4770-A3FF-47D5FFE27F1A}.Release|Any CPU.ActiveCfg = Release|Any CPU
		{35BE8A9F-142F-4770-A3FF-47D5FFE27F1A}.Release|Any CPU.Build.0 = Release|Any CPU
		{4149DFAA-AA05-4AF4-BB1D-0B578FA772F9}.Debug|Any CPU.ActiveCfg = Debug|Any CPU
		{4149DFAA-AA05-4AF4-BB1D-0B578FA772F9}.Debug|Any CPU.Build.0 = Debug|Any CPU
		{4149DFAA-AA05-4AF4-BB1D-0B578FA772F9}.Release|Any CPU.ActiveCfg = Release|Any CPU
		{4149DFAA-AA05-4AF4-BB1D-0B578FA772F9}.Release|Any CPU.Build.0 = Release|Any CPU
		{6C638916-1FF1-462B-811E-82692B514A75}.Debug|Any CPU.ActiveCfg = Debug|Any CPU
		{6C638916-1FF1-462B-811E-82692B514A75}.Debug|Any CPU.Build.0 = Debug|Any CPU
		{6C638916-1FF1-462B-811E-82692B514A75}.Release|Any CPU.ActiveCfg = Release|Any CPU
		{6C638916-1FF1-462B-811E-82692B514A75}.Release|Any CPU.Build.0 = Release|Any CPU
		{FC35FB95-244E-4FD7-8BA5-ED15303D8AEF}.Debug|Any CPU.ActiveCfg = Debug|Any CPU
		{FC35FB95-244E-4FD7-8BA5-ED15303D8AEF}.Debug|Any CPU.Build.0 = Debug|Any CPU
		{FC35FB95-244E-4FD7-8BA5-ED15303D8AEF}.Release|Any CPU.ActiveCfg = Release|Any CPU
		{FC35FB95-244E-4FD7-8BA5-ED15303D8AEF}.Release|Any CPU.Build.0 = Release|Any CPU
		{2A196A0A-D402-464F-A487-E26E7A1FF4C0}.Debug|Any CPU.ActiveCfg = Debug|Any CPU
		{2A196A0A-D402-464F-A487-E26E7A1FF4C0}.Debug|Any CPU.Build.0 = Debug|Any CPU
		{2A196A0A-D402-464F-A487-E26E7A1FF4C0}.Release|Any CPU.ActiveCfg = Release|Any CPU
		{2A196A0A-D402-464F-A487-E26E7A1FF4C0}.Release|Any CPU.Build.0 = Release|Any CPU
		{D237ED46-A526-4500-8227-394DB22D2617}.Debug|Any CPU.ActiveCfg = Debug|Any CPU
		{D237ED46-A526-4500-8227-394DB22D2617}.Debug|Any CPU.Build.0 = Debug|Any CPU
		{D237ED46-A526-4500-8227-394DB22D2617}.Release|Any CPU.ActiveCfg = Release|Any CPU
		{D237ED46-A526-4500-8227-394DB22D2617}.Release|Any CPU.Build.0 = Release|Any CPU
		{83302E6C-1F47-4D1A-8C44-9AD8A27C78B1}.Debug|Any CPU.ActiveCfg = Debug|Any CPU
		{83302E6C-1F47-4D1A-8C44-9AD8A27C78B1}.Debug|Any CPU.Build.0 = Debug|Any CPU
		{83302E6C-1F47-4D1A-8C44-9AD8A27C78B1}.Release|Any CPU.ActiveCfg = Release|Any CPU
		{83302E6C-1F47-4D1A-8C44-9AD8A27C78B1}.Release|Any CPU.Build.0 = Release|Any CPU
		{CC0450E0-FCB1-48FA-91DD-5AA87D896702}.Debug|Any CPU.ActiveCfg = Debug|Any CPU
		{CC0450E0-FCB1-48FA-91DD-5AA87D896702}.Debug|Any CPU.Build.0 = Debug|Any CPU
		{CC0450E0-FCB1-48FA-91DD-5AA87D896702}.Release|Any CPU.ActiveCfg = Release|Any CPU
		{CC0450E0-FCB1-48FA-91DD-5AA87D896702}.Release|Any CPU.Build.0 = Release|Any CPU
		{95A71D11-64F7-48F4-94F1-42AD78018DC5}.Debug|Any CPU.ActiveCfg = Debug|Any CPU
		{95A71D11-64F7-48F4-94F1-42AD78018DC5}.Debug|Any CPU.Build.0 = Debug|Any CPU
		{95A71D11-64F7-48F4-94F1-42AD78018DC5}.Release|Any CPU.ActiveCfg = Release|Any CPU
		{95A71D11-64F7-48F4-94F1-42AD78018DC5}.Release|Any CPU.Build.0 = Release|Any CPU
		{B96BC89F-124C-47E8-949E-D9617F2C29EC}.Debug|Any CPU.ActiveCfg = Debug|Any CPU
		{B96BC89F-124C-47E8-949E-D9617F2C29EC}.Debug|Any CPU.Build.0 = Debug|Any CPU
		{B96BC89F-124C-47E8-949E-D9617F2C29EC}.Release|Any CPU.ActiveCfg = Release|Any CPU
		{B96BC89F-124C-47E8-949E-D9617F2C29EC}.Release|Any CPU.Build.0 = Release|Any CPU
		{1B59968F-8753-4681-8FEC-3BEBE37125B7}.Debug|Any CPU.ActiveCfg = Debug|Any CPU
		{1B59968F-8753-4681-8FEC-3BEBE37125B7}.Debug|Any CPU.Build.0 = Debug|Any CPU
		{1B59968F-8753-4681-8FEC-3BEBE37125B7}.Release|Any CPU.ActiveCfg = Release|Any CPU
		{1B59968F-8753-4681-8FEC-3BEBE37125B7}.Release|Any CPU.Build.0 = Release|Any CPU
		{0C7515DD-19EF-4EDD-B6DC-AB1AC23F82E9}.Debug|Any CPU.ActiveCfg = Debug|Any CPU
		{0C7515DD-19EF-4EDD-B6DC-AB1AC23F82E9}.Debug|Any CPU.Build.0 = Debug|Any CPU
		{0C7515DD-19EF-4EDD-B6DC-AB1AC23F82E9}.Release|Any CPU.ActiveCfg = Release|Any CPU
		{0C7515DD-19EF-4EDD-B6DC-AB1AC23F82E9}.Release|Any CPU.Build.0 = Release|Any CPU
		{DBB56697-8A75-400A-A1F9-247B34379E31}.Debug|Any CPU.ActiveCfg = Debug|Any CPU
		{DBB56697-8A75-400A-A1F9-247B34379E31}.Debug|Any CPU.Build.0 = Debug|Any CPU
		{DBB56697-8A75-400A-A1F9-247B34379E31}.Release|Any CPU.ActiveCfg = Release|Any CPU
		{DBB56697-8A75-400A-A1F9-247B34379E31}.Release|Any CPU.Build.0 = Release|Any CPU
		{61CA6C80-21C7-4AB0-81D5-16F5CFCA71FE}.Debug|Any CPU.ActiveCfg = Debug|Any CPU
		{61CA6C80-21C7-4AB0-81D5-16F5CFCA71FE}.Debug|Any CPU.Build.0 = Debug|Any CPU
		{61CA6C80-21C7-4AB0-81D5-16F5CFCA71FE}.Release|Any CPU.ActiveCfg = Release|Any CPU
		{61CA6C80-21C7-4AB0-81D5-16F5CFCA71FE}.Release|Any CPU.Build.0 = Release|Any CPU
		{1C568F7F-7496-428B-ADE8-864B6D99164B}.Debug|Any CPU.ActiveCfg = Debug|Any CPU
		{1C568F7F-7496-428B-ADE8-864B6D99164B}.Debug|Any CPU.Build.0 = Debug|Any CPU
		{1C568F7F-7496-428B-ADE8-864B6D99164B}.Release|Any CPU.ActiveCfg = Release|Any CPU
		{1C568F7F-7496-428B-ADE8-864B6D99164B}.Release|Any CPU.Build.0 = Release|Any CPU
		{B73D6072-B4DE-4A28-AEC9-D9A7DBE20BCC}.Debug|Any CPU.ActiveCfg = Debug|Any CPU
		{B73D6072-B4DE-4A28-AEC9-D9A7DBE20BCC}.Debug|Any CPU.Build.0 = Debug|Any CPU
		{B73D6072-B4DE-4A28-AEC9-D9A7DBE20BCC}.Release|Any CPU.ActiveCfg = Release|Any CPU
		{B73D6072-B4DE-4A28-AEC9-D9A7DBE20BCC}.Release|Any CPU.Build.0 = Release|Any CPU
		{B255DE3E-E22C-42CC-9DA4-6FB419128568}.Debug|Any CPU.ActiveCfg = Debug|Any CPU
		{B255DE3E-E22C-42CC-9DA4-6FB419128568}.Debug|Any CPU.Build.0 = Debug|Any CPU
		{B255DE3E-E22C-42CC-9DA4-6FB419128568}.Release|Any CPU.ActiveCfg = Release|Any CPU
		{B255DE3E-E22C-42CC-9DA4-6FB419128568}.Release|Any CPU.Build.0 = Release|Any CPU
	EndGlobalSection
	GlobalSection(SolutionProperties) = preSolution
		HideSolutionNode = FALSE
	EndGlobalSection
	GlobalSection(ExtensibilityGlobals) = postSolution
		SolutionGuid = {5B6CD621-0ADF-4642-8B75-2C7766021E04}
	EndGlobalSection
EndGlobal
